Microsoft Visual Studio Solution File, Format Version 8.00
Project("{8BC9CEB8-8B4A-11D0-8D11-00A0C91BC942}") = "igraphtest", "igraphtest.vcproj", "{D385D685-E0A3-4DC4-97B2-0556D7FDCECF}"
	ProjectSection(ProjectDependencies) = postProject
	EndProjectSection
EndProject
Global
	GlobalSection(SolutionConfiguration) = preSolution
		Debug = Debug
		Release = Release
	EndGlobalSection
	GlobalSection(ProjectConfiguration) = postSolution
		{D385D685-E0A3-4DC4-97B2-0556D7FDCECF}.Debug.ActiveCfg = Debug|Win32
		{D385D685-E0A3-4DC4-97B2-0556D7FDCECF}.Debug.Build.0 = Debug|Win32
		{D385D685-E0A3-4DC4-97B2-0556D7FDCECF}.Release.ActiveCfg = Release|Win32
		{D385D685-E0A3-4DC4-97B2-0556D7FDCECF}.Release.Build.0 = Release|Win32
	EndGlobalSection
	GlobalSection(ExtensibilityGlobals) = postSolution
	EndGlobalSection
	GlobalSection(ExtensibilityAddIns) = postSolution
	EndGlobalSection
EndGlobal
