Microsoft Visual Studio Solution File, Format Version 8.00
Project("{8BC9CEB8-8B4A-11D0-8D11-00A0C91BC942}") = "igraph", "igraph.vcproj", "{54FFF7B3-3249-4BBE-93D2-71C11ABF0A6C}"
	ProjectSection(ProjectDependencies) = postProject
	EndProjectSection
EndProject
Global
	GlobalSection(SolutionConfiguration) = preSolution
		Debug = Debug
		Release = Release
	EndGlobalSection
	GlobalSection(ProjectConfiguration) = postSolution
		{54FFF7B3-3249-4BBE-93D2-71C11ABF0A6C}.Debug.ActiveCfg = Debug|Win32
		{54FFF7B3-3249-4BBE-93D2-71C11ABF0A6C}.Debug.Build.0 = Debug|Win32
		{54FFF7B3-3249-4BBE-93D2-71C11ABF0A6C}.Release.ActiveCfg = Release|Win32
		{54FFF7B3-3249-4BBE-93D2-71C11ABF0A6C}.Release.Build.0 = Release|Win32
	EndGlobalSection
	GlobalSection(ExtensibilityGlobals) = postSolution
	EndGlobalSection
	GlobalSection(ExtensibilityAddIns) = postSolution
	EndGlobalSection
EndGlobal
